Microsoft Visual Studio Solution File, Format Version 11.00
# Visual Studio 2008

Project("{D9A221A4-F9AC-1AD0-23ED-08CE9263A5F5}") = "MyGameProject", "Assembly-CSharp-firstpass.csproj", "{BA3C51BD-B896-A995-1A23-C0CDB734BA0C}"
EndProject
Project("{D9A221A4-F9AC-1AD0-23ED-08CE9263A5F5}") = "MyGameProject", "Assembly-CSharp.csproj", "{904818F5-D46D-4ACC-C8B7-8A9C4FFEA108}"
EndProject
Project("{D9A221A4-F9AC-1AD0-23ED-08CE9263A5F5}") = "MyGameProject", "Assembly-CSharp-Editor.csproj", "{B637DC2E-E42E-6CFC-E324-75682A8B7B3E}"
EndProject
Global
	GlobalSection(SolutionConfigurationPlatforms) = preSolution
		Debug|Any CPU = Debug|Any CPU
		Release|Any CPU = Release|Any CPU
	EndGlobalSection
	GlobalSection(ProjectConfigurationPlatforms) = postSolution
		{BA3C51BD-B896-A995-1A23-C0CDB734BA0C}.Debug|Any CPU.ActiveCfg = Debug|Any CPU
		{BA3C51BD-B896-A995-1A23-C0CDB734BA0C}.Debug|Any CPU.Build.0 = Debug|Any CPU
		{BA3C51BD-B896-A995-1A23-C0CDB734BA0C}.Release|Any CPU.ActiveCfg = Release|Any CPU
		{BA3C51BD-B896-A995-1A23-C0CDB734BA0C}.Release|Any CPU.Build.0 = Release|Any CPU
		{904818F5-D46D-4ACC-C8B7-8A9C4FFEA108}.Debug|Any CPU.ActiveCfg = Debug|Any CPU
		{904818F5-D46D-4ACC-C8B7-8A9C4FFEA108}.Debug|Any CPU.Build.0 = Debug|Any CPU
		{904818F5-D46D-4ACC-C8B7-8A9C4FFEA108}.Release|Any CPU.ActiveCfg = Release|Any CPU
		{904818F5-D46D-4ACC-C8B7-8A9C4FFEA108}.Release|Any CPU.Build.0 = Release|Any CPU
		{B637DC2E-E42E-6CFC-E324-75682A8B7B3E}.Debug|Any CPU.ActiveCfg = Debug|Any CPU
		{B637DC2E-E42E-6CFC-E324-75682A8B7B3E}.Debug|Any CPU.Build.0 = Debug|Any CPU
		{B637DC2E-E42E-6CFC-E324-75682A8B7B3E}.Release|Any CPU.ActiveCfg = Release|Any CPU
		{B637DC2E-E42E-6CFC-E324-75682A8B7B3E}.Release|Any CPU.Build.0 = Release|Any CPU
	EndGlobalSection
	GlobalSection(SolutionProperties) = preSolution
		HideSolutionNode = FALSE
	EndGlobalSection
								GlobalSection(MonoDevelopProperties) = preSolution
		StartupItem = Assembly-CSharp.csproj
		Policies = $0
		$0.TextStylePolicy = $1
		$1.inheritsSet = null
		$1.scope = text/x-csharp
		$0.CSharpFormattingPolicy = $2
		$2.inheritsSet = Mono
		$2.inheritsScope = text/x-csharp
		$2.scope = text/x-csharp
		$0.TextStylePolicy = $3
		$3.FileWidth = 120
		$3.TabWidth = 4
		$3.IndentWidth = 4
		$3.EolMarker = Unix
		$3.inheritsSet = Mono
		$3.inheritsScope = text/plain
		$3.scope = text/plain
	EndGlobalSection

EndGlobal
